
Microsoft Visual Studio Solution File, Format Version 12.00
# Visual Studio Version 16
VisualStudioVersion = 16.0.28917.182
MinimumVisualStudioVersion = 10.0.40219.1
Project("{FAE04EC0-301F-11D3-BF4B-00C04F79EFBC}") = "BlazorMvvm.Experimental", "BlazorMvvm.Experimental\BlazorMvvm.Experimental.csproj", "{7500A30B-FA62-41BA-BDBE-E1361DDE6E6A}"
EndProject
Global
	GlobalSection(SolutionConfigurationPlatforms) = preSolution
		Debug|Any CPU = Debug|Any CPU
		Release|Any CPU = Release|Any CPU
	EndGlobalSection
	GlobalSection(ProjectConfigurationPlatforms) = postSolution
		{7500A30B-FA62-41BA-BDBE-E1361DDE6E6A}.Debug|Any CPU.ActiveCfg = Debug|Any CPU
		{7500A30B-FA62-41BA-BDBE-E1361DDE6E6A}.Debug|Any CPU.Build.0 = Debug|Any CPU
		{7500A30B-FA62-41BA-BDBE-E1361DDE6E6A}.Release|Any CPU.ActiveCfg = Release|Any CPU
		{7500A30B-FA62-41BA-BDBE-E1361DDE6E6A}.Release|Any CPU.Build.0 = Release|Any CPU
	EndGlobalSection
	GlobalSection(SolutionProperties) = preSolution
		HideSolutionNode = FALSE
	EndGlobalSection
	GlobalSection(ExtensibilityGlobals) = postSolution
		SolutionGuid = {44371BB4-6947-42B7-9613-175225D67EE6}
	EndGlobalSection
EndGlobal
